<?xml version="1.0" encoding="utf-8"?>
<Project ToolsVersion="4.0" xmlns="http://schemas.microsoft.com/developer/msbuild/2003">
  <ItemGroup>
    <Filter Include="Header Files">
      <UniqueIdentifier>{e850f24d-093f-4c30-a99c-413a7dfa71b8}</UniqueIdentifier>
    </Filter>
    <Filter Include="Resource Files">
      <UniqueIdentifier>{f18cd969-acc3-480c-9147-ea3ae1c8ba92}</UniqueIdentifier>
    </Filter>
    <Filter Include="Source Files">
      <UniqueIdentifier>{bdd0568e-d423-4fcc-affe-6ba0c2a40f78}</UniqueIdentifier>
    </Filter>
    <Filter Include="Source Files\ilbc">
      <UniqueIdentifier>{130842a2-bc50-4831-8aed-39cfee93f250}</UniqueIdentifier>
    </Filter>
    <Filter Include="Header Files\ilbc">
      <UniqueIdentifier>{ff6647be-96a8-476b-9691-4a706063a203}</UniqueIdentifier>
    </Filter>
    <Filter Include="Source Files\signal_processing">
      <UniqueIdentifier>{ea96cd93-2236-4ca5-ad8b-e9c19f9b5c88}</UniqueIdentifier>
    </Filter>
    <Filter Include="Header Files\signal_processing">
      <UniqueIdentifier>{c68d259c-a86a-4934-a9e8-91c4ef89686f}</UniqueIdentifier>
    </Filter>
    <Filter Include="Header Files\signal_processing\include">
      <UniqueIdentifier>{f380cdbc-04ab-42ec-a9c5-32922fabf7c7}</UniqueIdentifier>
    </Filter>
  </ItemGroup>
  <ItemGroup>
    <ClInclude Include="config.h">
      <Filter>Header Files</Filter>
    </ClInclude>
    <ClInclude Include="version.h">
      <Filter>Header Files</Filter>
    </ClInclude>
    <ClInclude Include="..\modules\audio_coding\codecs\ilbc\abs_quant.h" />
    <ClInclude Include="..\modules\audio_coding\codecs\ilbc\abs_quant_loop.h" />
    <ClInclude Include="..\modules\audio_coding\codecs\ilbc\augmented_cb_corr.h" />
    <ClInclude Include="..\modules\audio_coding\codecs\ilbc\bw_expand.h" />
    <ClInclude Include="..\modules\audio_coding\codecs\ilbc\cb_construct.h" />
    <ClInclude Include="..\modules\audio_coding\codecs\ilbc\cb_mem_energy.h" />
    <ClInclude Include="..\modules\audio_coding\codecs\ilbc\cb_mem_energy_augmentation.h" />
    <ClInclude Include="..\modules\audio_coding\codecs\ilbc\cb_mem_energy_calc.h" />
    <ClInclude Include="..\modules\audio_coding\codecs\ilbc\cb_search.h" />
    <ClInclude Include="..\modules\audio_coding\codecs\ilbc\cb_search_core.h" />
    <ClInclude Include="..\modules\audio_coding\codecs\ilbc\cb_update_best_index.h" />
    <ClInclude Include="..\modules\audio_coding\codecs\ilbc\chebyshev.h" />
    <ClInclude Include="..\modules\audio_coding\codecs\ilbc\comp_corr.h" />
    <ClInclude Include="..\modules\audio_coding\codecs\ilbc\constants.h" />
    <ClInclude Include="..\modules\audio_coding\codecs\ilbc\create_augmented_vec.h" />
    <ClInclude Include="..\modules\audio_coding\codecs\ilbc\decode.h" />
    <ClInclude Include="..\modules\audio_coding\codecs\ilbc\decoder_interpolate_lsf.h" />
    <ClInclude Include="..\modules\audio_coding\codecs\ilbc\decode_residual.h" />
    <ClInclude Include="..\modules\audio_coding\codecs\ilbc\defines.h" />
    <ClInclude Include="..\modules\audio_coding\codecs\ilbc\do_plc.h" />
    <ClInclude Include="..\modules\audio_coding\codecs\ilbc\encode.h" />
    <ClInclude Include="..\modules\audio_coding\codecs\ilbc\energy_inverse.h" />
    <ClInclude Include="..\modules\audio_coding\codecs\ilbc\enhancer.h" />
    <ClInclude Include="..\modules\audio_coding\codecs\ilbc\enhancer_interface.h" />
    <ClInclude Include="..\modules\audio_coding\codecs\ilbc\enh_upsample.h" />
    <ClInclude Include="..\modules\audio_coding\codecs\ilbc\filtered_cb_vecs.h" />
    <ClInclude Include="..\modules\audio_coding\codecs\ilbc\frame_classify.h" />
    <ClInclude Include="..\modules\audio_coding\codecs\ilbc\gain_dequant.h" />
    <ClInclude Include="..\modules\audio_coding\codecs\ilbc\gain_quant.h" />
    <ClInclude Include="..\modules\audio_coding\codecs\ilbc\get_cd_vec.h" />
    <ClInclude Include="..\modules\audio_coding\codecs\ilbc\get_lsp_poly.h" />
    <ClInclude Include="..\modules\audio_coding\codecs\ilbc\get_sync_seq.h" />
    <ClInclude Include="..\modules\audio_coding\codecs\ilbc\hp_input.h" />
    <ClInclude Include="..\modules\audio_coding\codecs\ilbc\hp_output.h" />
    <ClInclude Include="..\modules\audio_coding\codecs\ilbc\index_conv_dec.h" />
    <ClInclude Include="..\modules\audio_coding\codecs\ilbc\index_conv_enc.h" />
    <ClInclude Include="..\modules\audio_coding\codecs\ilbc\init_decode.h" />
    <ClInclude Include="..\modules\audio_coding\codecs\ilbc\init_encode.h" />
    <ClInclude Include="..\modules\audio_coding\codecs\ilbc\interpolate.h" />
    <ClInclude Include="..\modules\audio_coding\codecs\ilbc\interpolate_samples.h" />
    <ClInclude Include="..\modules\audio_coding\codecs\ilbc\lpc_encode.h" />
    <ClInclude Include="..\modules\audio_coding\codecs\ilbc\lsf_check.h" />
    <ClInclude Include="..\modules\audio_coding\codecs\ilbc\lsf_interpolate_to_poly_dec.h" />
    <ClInclude Include="..\modules\audio_coding\codecs\ilbc\lsf_interpolate_to_poly_enc.h" />
    <ClInclude Include="..\modules\audio_coding\codecs\ilbc\lsf_to_lsp.h" />
    <ClInclude Include="..\modules\audio_coding\codecs\ilbc\lsf_to_poly.h" />
    <ClInclude Include="..\modules\audio_coding\codecs\ilbc\lsp_to_lsf.h" />
    <ClInclude Include="..\modules\audio_coding\codecs\ilbc\my_corr.h" />
    <ClInclude Include="..\modules\audio_coding\codecs\ilbc\nearest_neighbor.h" />
    <ClInclude Include="..\modules\audio_coding\codecs\ilbc\pack_bits.h" />
    <ClInclude Include="..\modules\audio_coding\codecs\ilbc\poly_to_lsf.h" />
    <ClInclude Include="..\modules\audio_coding\codecs\ilbc\poly_to_lsp.h" />
    <ClInclude Include="..\modules\audio_coding\codecs\ilbc\refiner.h" />
    <ClInclude Include="..\modules\audio_coding\codecs\ilbc\simple_interpolate_lsf.h" />
    <ClInclude Include="..\modules\audio_coding\codecs\ilbc\simple_lpc_analysis.h" />
    <ClInclude Include="..\modules\audio_coding\codecs\ilbc\simple_lsf_dequant.h" />
    <ClInclude Include="..\modules\audio_coding\codecs\ilbc\simple_lsf_quant.h" />
    <ClInclude Include="..\modules\audio_coding\codecs\ilbc\smooth.h" />
    <ClInclude Include="..\modules\audio_coding\codecs\ilbc\smooth_out_data.h" />
    <ClInclude Include="..\modules\audio_coding\codecs\ilbc\sort_sq.h" />
    <ClInclude Include="..\modules\audio_coding\codecs\ilbc\split_vq.h" />
    <ClInclude Include="..\modules\audio_coding\codecs\ilbc\state_construct.h" />
    <ClInclude Include="..\modules\audio_coding\codecs\ilbc\state_search.h" />
    <ClInclude Include="..\modules\audio_coding\codecs\ilbc\swap_bytes.h" />
    <ClInclude Include="..\modules\audio_coding\codecs\ilbc\unpack_bits.h" />
    <ClInclude Include="..\modules\audio_coding\codecs\ilbc\vq3.h" />
    <ClInclude Include="..\modules\audio_coding\codecs\ilbc\vq4.h" />
    <ClInclude Include="..\modules\audio_coding\codecs\ilbc\window32_w32.h" />
    <ClInclude Include="..\modules\audio_coding\codecs\ilbc\xcorr_coef.h" />
    <ClInclude Include="..\common_audio\signal_processing\complex_fft_tables.h" />
    <ClInclude Include="..\common_audio\signal_processing\include\real_fft.h" />
    <ClInclude Include="..\common_audio\signal_processing\include\signal_processing_library.h" />
    <ClInclude Include="..\common_audio\signal_processing\include\spl_inl.h" />
    <ClInclude Include="..\common_audio\signal_processing\include\spl_inl_armv7.h" />
    <ClInclude Include="..\common_audio\signal_processing\include\spl_inl_mips.h" />
    <ClInclude Include="..\common_audio\signal_processing\resample_by_2_internal.h" />
    <ClInclude Include="ilbc_export.h" />
  </ItemGroup>
  <ItemGroup>
    <ClCompile Include="..\modules\audio_coding\codecs\ilbc\abs_quant.c" />
    <ClCompile Include="..\modules\audio_coding\codecs\ilbc\abs_quant_loop.c" />
    <ClCompile Include="..\modules\audio_coding\codecs\ilbc\augmented_cb_corr.c" />
    <ClCompile Include="..\modules\audio_coding\codecs\ilbc\bw_expand.c" />
    <ClCompile Include="..\modules\audio_coding\codecs\ilbc\cb_construct.c" />
    <ClCompile Include="..\modules\audio_coding\codecs\ilbc\cb_mem_energy_augmentation.c" />
    <ClCompile Include="..\modules\audio_coding\codecs\ilbc\cb_mem_energy.c" />
    <ClCompile Include="..\modules\audio_coding\codecs\ilbc\cb_mem_energy_calc.c" />
    <ClCompile Include="..\modules\audio_coding\codecs\ilbc\cb_search.c" />
    <ClCompile Include="..\modules\audio_coding\codecs\ilbc\cb_search_core.c" />
    <ClCompile Include="..\modules\audio_coding\codecs\ilbc\cb_update_best_index.c" />
    <ClCompile Include="..\modules\audio_coding\codecs\ilbc\chebyshev.c" />
    <ClCompile Include="..\modules\audio_coding\codecs\ilbc\comp_corr.c" />
    <ClCompile Include="..\modules\audio_coding\codecs\ilbc\constants.c" />
    <ClCompile Include="..\modules\audio_coding\codecs\ilbc\create_augmented_vec.c" />
    <ClCompile Include="..\modules\audio_coding\codecs\ilbc\decode.c" />
    <ClCompile Include="..\modules\audio_coding\codecs\ilbc\decode_residual.c" />
    <ClCompile Include="..\modules\audio_coding\codecs\ilbc\decoder_interpolate_lsf.c" />
    <ClCompile Include="..\modules\audio_coding\codecs\ilbc\do_plc.c" />
    <ClCompile Include="..\modules\audio_coding\codecs\ilbc\encode.c" />
    <ClCompile Include="..\modules\audio_coding\codecs\ilbc\energy_inverse.c" />
    <ClCompile Include="..\modules\audio_coding\codecs\ilbc\enhancer.c" />
    <ClCompile Include="..\modules\audio_coding\codecs\ilbc\enhancer_interface.c" />
    <ClCompile Include="..\modules\audio_coding\codecs\ilbc\enh_upsample.c" />
    <ClCompile Include="..\modules\audio_coding\codecs\ilbc\filtered_cb_vecs.c" />
    <ClCompile Include="..\modules\audio_coding\codecs\ilbc\frame_classify.c" />
    <ClCompile Include="..\modules\audio_coding\codecs\ilbc\gain_dequant.c" />
    <ClCompile Include="..\modules\audio_coding\codecs\ilbc\gain_quant.c" />
    <ClCompile Include="..\modules\audio_coding\codecs\ilbc\get_cd_vec.c" />
    <ClCompile Include="..\modules\audio_coding\codecs\ilbc\get_lsp_poly.c" />
    <ClCompile Include="..\modules\audio_coding\codecs\ilbc\get_sync_seq.c" />
    <ClCompile Include="..\modules\audio_coding\codecs\ilbc\hp_input.c" />
    <ClCompile Include="..\modules\audio_coding\codecs\ilbc\hp_output.c" />
    <ClCompile Include="..\modules\audio_coding\codecs\ilbc\ilbc.c" />
    <ClCompile Include="..\modules\audio_coding\codecs\ilbc\index_conv_dec.c" />
    <ClCompile Include="..\modules\audio_coding\codecs\ilbc\index_conv_enc.c" />
    <ClCompile Include="..\modules\audio_coding\codecs\ilbc\init_decode.c" />
    <ClCompile Include="..\modules\audio_coding\codecs\ilbc\init_encode.c" />
    <ClCompile Include="..\modules\audio_coding\codecs\ilbc\interpolate.c" />
    <ClCompile Include="..\modules\audio_coding\codecs\ilbc\interpolate_samples.c" />
    <ClCompile Include="..\modules\audio_coding\codecs\ilbc\lpc_encode.c" />
    <ClCompile Include="..\modules\audio_coding\codecs\ilbc\lsf_check.c" />
    <ClCompile Include="..\modules\audio_coding\codecs\ilbc\lsf_interpolate_to_poly_dec.c" />
    <ClCompile Include="..\modules\audio_coding\codecs\ilbc\lsf_interpolate_to_poly_enc.c" />
    <ClCompile Include="..\modules\audio_coding\codecs\ilbc\lsf_to_lsp.c" />
    <ClCompile Include="..\modules\audio_coding\codecs\ilbc\lsf_to_poly.c" />
    <ClCompile Include="..\modules\audio_coding\codecs\ilbc\lsp_to_lsf.c" />
    <ClCompile Include="..\modules\audio_coding\codecs\ilbc\my_corr.c" />
    <ClCompile Include="..\modules\audio_coding\codecs\ilbc\nearest_neighbor.c" />
    <ClCompile Include="..\modules\audio_coding\codecs\ilbc\pack_bits.c" />
    <ClCompile Include="..\modules\audio_coding\codecs\ilbc\poly_to_lsf.c" />
    <ClCompile Include="..\modules\audio_coding\codecs\ilbc\poly_to_lsp.c" />
    <ClCompile Include="..\modules\audio_coding\codecs\ilbc\refiner.c" />
    <ClCompile Include="..\modules\audio_coding\codecs\ilbc\simple_interpolate_lsf.c" />
    <ClCompile Include="..\modules\audio_coding\codecs\ilbc\simple_lpc_analysis.c" />
    <ClCompile Include="..\modules\audio_coding\codecs\ilbc\simple_lsf_dequant.c" />
    <ClCompile Include="..\modules\audio_coding\codecs\ilbc\simple_lsf_quant.c" />
    <ClCompile Include="..\modules\audio_coding\codecs\ilbc\smooth.c" />
    <ClCompile Include="..\modules\audio_coding\codecs\ilbc\smooth_out_data.c" />
    <ClCompile Include="..\modules\audio_coding\codecs\ilbc\sort_sq.c" />
    <ClCompile Include="..\modules\audio_coding\codecs\ilbc\split_vq.c" />
    <ClCompile Include="..\modules\audio_coding\codecs\ilbc\state_construct.c" />
    <ClCompile Include="..\modules\audio_coding\codecs\ilbc\state_search.c" />
    <ClCompile Include="..\modules\audio_coding\codecs\ilbc\swap_bytes.c" />
    <ClCompile Include="..\modules\audio_coding\codecs\ilbc\unpack_bits.c" />
    <ClCompile Include="..\modules\audio_coding\codecs\ilbc\vq3.c" />
    <ClCompile Include="..\modules\audio_coding\codecs\ilbc\vq4.c" />
    <ClCompile Include="..\modules\audio_coding\codecs\ilbc\window32_w32.c" />
    <ClCompile Include="..\modules\audio_coding\codecs\ilbc\xcorr_coef.c" />
    <ClCompile Include="..\common_audio\signal_processing\auto_correlation.c" />
    <ClCompile Include="..\common_audio\signal_processing\auto_corr_to_refl_coef.c" />
    <ClCompile Include="..\common_audio\signal_processing\copy_set_operations.c" />
    <ClCompile Include="..\common_audio\signal_processing\cross_correlation.c" />
    <ClCompile Include="..\common_audio\signal_processing\division_operations.c" />
    <ClCompile Include="..\common_audio\signal_processing\dot_product_with_scale.cc" />
    <ClCompile Include="..\common_audio\signal_processing\downsample_fast.c" />
    <ClCompile Include="..\common_audio\signal_processing\energy.c" />
    <ClCompile Include="..\common_audio\signal_processing\filter_ar.c" />
    <ClCompile Include="..\common_audio\signal_processing\filter_ma_fast_q12.c" />
    <ClCompile Include="..\common_audio\signal_processing\get_hanning_window.c" />
    <ClCompile Include="..\common_audio\signal_processing\get_scaling_square.c" />
    <ClCompile Include="..\common_audio\signal_processing\ilbc_specific_functions.c" />
    <ClCompile Include="..\common_audio\signal_processing\levinson_durbin.c" />
    <ClCompile Include="..\common_audio\signal_processing\lpc_to_refl_coef.c" />
    <ClCompile Include="..\common_audio\signal_processing\min_max_operations.c" />
    <ClCompile Include="..\common_audio\signal_processing\randomization_functions.c" />
    <ClCompile Include="..\common_audio\signal_processing\real_fft.c" />
    <ClCompile Include="..\common_audio\signal_processing\refl_coef_to_lpc.c" />
    <ClCompile Include="..\common_audio\signal_processing\resample_48khz.c" />
    <ClCompile Include="..\common_audio\signal_processing\resample_by_2.c" />
    <ClCompile Include="..\common_audio\signal_processing\resample_by_2_internal.c" />
    <ClCompile Include="..\common_audio\signal_processing\resample.c" />
    <ClCompile Include="..\common_audio\signal_processing\resample_fractional.c" />
    <ClCompile Include="..\common_audio\signal_processing\spl_init.c" />
    <ClCompile Include="..\common_audio\signal_processing\spl_inl.c" />
    <ClCompile Include="..\common_audio\signal_processing\splitting_filter.c" />
    <ClCompile Include="..\common_audio\signal_processing\spl_sqrt.c" />
    <ClCompile Include="..\common_audio\signal_processing\sqrt_of_one_minus_x_squared.c" />
    <ClCompile Include="..\common_audio\signal_processing\vector_scaling_operations.c" />
    <ClCompile Include="..\rtc_base\checks.cc" />
    <ClCompile Include="..\common_audio\signal_processing\complex_bit_reverse.c" />
    <ClCompile Include="..\common_audio\third_party\spl_sqrt_floor\spl_sqrt_floor.c" />
    <ClCompile Include="..\common_audio\signal_processing\filter_ar_fast_q12.c" />
    <ClCompile Include="..\common_audio\signal_processing\complex_fft.c" />
  </ItemGroup>
</Project>